// !$*UTF8*$!
{
	archiveVersion = 1;
	classes = {
	};
	objectVersion = 46;
	objects = {

/* Begin PBXBuildFile section */
		4D04871C1F20D2A100E6F280 /* AppDelegate.swift in Sources */ = {isa = PBXBuildFile; fileRef = 4D04871B1F20D2A100E6F280 /* AppDelegate.swift */; };
		4D04871E1F20D2A100E6F280 /* Assets.xcassets in Resources */ = {isa = PBXBuildFile; fileRef = 4D04871D1F20D2A100E6F280 /* Assets.xcassets */; };
		4D0487211F20D2A100E6F280 /* MainMenu.xib in Resources */ = {isa = PBXBuildFile; fileRef = 4D04871F1F20D2A100E6F280 /* MainMenu.xib */; };
		4D04872C1F20D2A100E6F280 /* VisibleTests.swift in Sources */ = {isa = PBXBuildFile; fileRef = 4D04872B1F20D2A100E6F280 /* VisibleTests.swift */; };
		4D0487371F20D2A100E6F280 /* VisibleUITests.swift in Sources */ = {isa = PBXBuildFile; fileRef = 4D0487361F20D2A100E6F280 /* VisibleUITests.swift */; };
/* End PBXBuildFile section */

/* Begin PBXContainerItemProxy section */
		4D0487281F20D2A100E6F280 /* PBXContainerItemProxy */ = {
			isa = PBXContainerItemProxy;
			containerPortal = 4D0487101F20D2A100E6F280 /* Project object */;
			proxyType = 1;
			remoteGlobalIDString = 4D0487171F20D2A100E6F280;
			remoteInfo = Visible;
		};
		4D0487331F20D2A100E6F280 /* PBXContainerItemProxy */ = {
			isa = PBXContainerItemProxy;
			containerPortal = 4D0487101F20D2A100E6F280 /* Project object */;
			proxyType = 1;
			remoteGlobalIDString = 4D0487171F20D2A100E6F280;
			remoteInfo = Visible;
		};
/* End PBXContainerItemProxy section */

/* Begin PBXFileReference section */
		4D0487181F20D2A100E6F280 /* Visible.app */ = {isa = PBXFileReference; explicitFileType = wrapper.application; includeInIndex = 0; path = Visible.app; sourceTree = BUILT_PRODUCTS_DIR; };
		4D04871B1F20D2A100E6F280 /* AppDelegate.swift */ = {isa = PBXFileReference; lastKnownFileType = sourcecode.swift; path = AppDelegate.swift; sourceTree = "<group>"; };
		4D04871D1F20D2A100E6F280 /* Assets.xcassets */ = {isa = PBXFileReference; lastKnownFileType = folder.assetcatalog; path = Assets.xcassets; sourceTree = "<group>"; };
		4D0487201F20D2A100E6F280 /* Base */ = {isa = PBXFileReference; lastKnownFileType = file.xib; name = Base; path = Base.lproj/MainMenu.xib; sourceTree = "<group>"; };
		4D0487221F20D2A100E6F280 /* Info.plist */ = {isa = PBXFileReference; lastKnownFileType = text.plist.xml; path = Info.plist; sourceTree = "<group>"; };
		4D0487271F20D2A100E6F280 /* VisibleTests.xctest */ = {isa = PBXFileReference; explicitFileType = wrapper.cfbundle; includeInIndex = 0; path = VisibleTests.xctest; sourceTree = BUILT_PRODUCTS_DIR; };
		4D04872B1F20D2A100E6F280 /* VisibleTests.swift */ = {isa = PBXFileReference; lastKnownFileType = sourcecode.swift; path = VisibleTests.swift; sourceTree = "<group>"; };
		4D04872D1F20D2A100E6F280 /* Info.plist */ = {isa = PBXFileReference; lastKnownFileType = text.plist.xml; path = Info.plist; sourceTree = "<group>"; };
		4D0487321F20D2A100E6F280 /* VisibleUITests.xctest */ = {isa = PBXFileReference; explicitFileType = wrapper.cfbundle; includeInIndex = 0; path = VisibleUITests.xctest; sourceTree = BUILT_PRODUCTS_DIR; };
		4D0487361F20D2A100E6F280 /* VisibleUITests.swift */ = {isa = PBXFileReference; lastKnownFileType = sourcecode.swift; path = VisibleUITests.swift; sourceTree = "<group>"; };
		4D0487381F20D2A100E6F280 /* Info.plist */ = {isa = PBXFileReference; lastKnownFileType = text.plist.xml; path = Info.plist; sourceTree = "<group>"; };
/* End PBXFileReference section */

/* Begin PBXFrameworksBuildPhase section */
		4D0487151F20D2A100E6F280 /* Frameworks */ = {
			isa = PBXFrameworksBuildPhase;
			buildActionMask = 2147483647;
			files = (
			);
			runOnlyForDeploymentPostprocessing = 0;
		};
		4D0487241F20D2A100E6F280 /* Frameworks */ = {
			isa = PBXFrameworksBuildPhase;
			buildActionMask = 2147483647;
			files = (
			);
			runOnlyForDeploymentPostprocessing = 0;
		};
		4D04872F1F20D2A100E6F280 /* Frameworks */ = {
			isa = PBXFrameworksBuildPhase;
			buildActionMask = 2147483647;
			files = (
			);
			runOnlyForDeploymentPostprocessing = 0;
		};
/* End PBXFrameworksBuildPhase section */

/* Begin PBXGroup section */
		4D04870F1F20D2A100E6F280 = {
			isa = PBXGroup;
			children = (
				4D04871A1F20D2A100E6F280 /* Visible */,
				4D04872A1F20D2A100E6F280 /* VisibleTests */,
				4D0487351F20D2A100E6F280 /* VisibleUITests */,
				4D0487191F20D2A100E6F280 /* Products */,
			);
			sourceTree = "<group>";
		};
		4D0487191F20D2A100E6F280 /* Products */ = {
			isa = PBXGroup;
			children = (
				4D0487181F20D2A100E6F280 /* Visible.app */,
				4D0487271F20D2A100E6F280 /* VisibleTests.xctest */,
				4D0487321F20D2A100E6F280 /* VisibleUITests.xctest */,
			);
			name = Products;
			sourceTree = "<group>";
		};
		4D04871A1F20D2A100E6F280 /* Visible */ = {
			isa = PBXGroup;
			children = (
				4D04871B1F20D2A100E6F280 /* AppDelegate.swift */,
				4D04871D1F20D2A100E6F280 /* Assets.xcassets */,
				4D04871F1F20D2A100E6F280 /* MainMenu.xib */,
				4D0487221F20D2A100E6F280 /* Info.plist */,
			);
			path = Visible;
			sourceTree = "<group>";
		};
		4D04872A1F20D2A100E6F280 /* VisibleTests */ = {
			isa = PBXGroup;
			children = (
				4D04872B1F20D2A100E6F280 /* VisibleTests.swift */,
				4D04872D1F20D2A100E6F280 /* Info.plist */,
			);
			path = VisibleTests;
			sourceTree = "<group>";
		};
		4D0487351F20D2A100E6F280 /* VisibleUITests */ = {
			isa = PBXGroup;
			children = (
				4D0487361F20D2A100E6F280 /* VisibleUITests.swift */,
				4D0487381F20D2A100E6F280 /* Info.plist */,
			);
			path = VisibleUITests;
			sourceTree = "<group>";
		};
/* End PBXGroup section */

/* Begin PBXNativeTarget section */
		4D0487171F20D2A100E6F280 /* Visible */ = {
			isa = PBXNativeTarget;
			buildConfigurationList = 4D04873B1F20D2A100E6F280 /* Build configuration list for PBXNativeTarget "Visible" */;
			buildPhases = (
				4D0487141F20D2A100E6F280 /* Sources */,
				4D0487151F20D2A100E6F280 /* Frameworks */,
				4D0487161F20D2A100E6F280 /* Resources */,
			);
			buildRules = (
			);
			dependencies = (
			);
			name = Visible;
			productName = Visible;
			productReference = 4D0487181F20D2A100E6F280 /* Visible.app */;
			productType = "com.apple.product-type.application";
		};
		4D0487261F20D2A100E6F280 /* VisibleTests */ = {
			isa = PBXNativeTarget;
			buildConfigurationList = 4D04873E1F20D2A100E6F280 /* Build configuration list for PBXNativeTarget "VisibleTests" */;
			buildPhases = (
				4D0487231F20D2A100E6F280 /* Sources */,
				4D0487241F20D2A100E6F280 /* Frameworks */,
				4D0487251F20D2A100E6F280 /* Resources */,
			);
			buildRules = (
			);
			dependencies = (
				4D0487291F20D2A100E6F280 /* PBXTargetDependency */,
			);
			name = VisibleTests;
			productName = VisibleTests;
			productReference = 4D0487271F20D2A100E6F280 /* VisibleTests.xctest */;
			productType = "com.apple.product-type.bundle.unit-test";
		};
		4D0487311F20D2A100E6F280 /* VisibleUITests */ = {
			isa = PBXNativeTarget;
			buildConfigurationList = 4D0487411F20D2A100E6F280 /* Build configuration list for PBXNativeTarget "VisibleUITests" */;
			buildPhases = (
				4D04872E1F20D2A100E6F280 /* Sources */,
				4D04872F1F20D2A100E6F280 /* Frameworks */,
				4D0487301F20D2A100E6F280 /* Resources */,
			);
			buildRules = (
			);
			dependencies = (
				4D0487341F20D2A100E6F280 /* PBXTargetDependency */,
			);
			name = VisibleUITests;
			productName = VisibleUITests;
			productReference = 4D0487321F20D2A100E6F280 /* VisibleUITests.xctest */;
			productType = "com.apple.product-type.bundle.ui-testing";
		};
/* End PBXNativeTarget section */

/* Begin PBXProject section */
		4D0487101F20D2A100E6F280 /* Project object */ = {
			isa = PBXProject;
			attributes = {
				LastSwiftUpdateCheck = 0820;
				LastUpgradeCheck = 0820;
				ORGANIZATIONNAME = mpars;
				TargetAttributes = {
					4D0487171F20D2A100E6F280 = {
						CreatedOnToolsVersion = 8.2.1;
						ProvisioningStyle = Automatic;
					};
					4D0487261F20D2A100E6F280 = {
						CreatedOnToolsVersion = 8.2.1;
						ProvisioningStyle = Automatic;
						TestTargetID = 4D0487171F20D2A100E6F280;
					};
					4D0487311F20D2A100E6F280 = {
						CreatedOnToolsVersion = 8.2.1;
						ProvisioningStyle = Automatic;
						TestTargetID = 4D0487171F20D2A100E6F280;
					};
				};
			};
			buildConfigurationList = 4D0487131F20D2A100E6F280 /* Build configuration list for PBXProject "Visible" */;
			compatibilityVersion = "Xcode 3.2";
			developmentRegion = English;
			hasScannedForEncodings = 0;
			knownRegions = (
				en,
				Base,
			);
			mainGroup = 4D04870F1F20D2A100E6F280;
			productRefGroup = 4D0487191F20D2A100E6F280 /* Products */;
			projectDirPath = "";
			projectRoot = "";
			targets = (
				4D0487171F20D2A100E6F280 /* Visible */,
				4D0487261F20D2A100E6F280 /* VisibleTests */,
				4D0487311F20D2A100E6F280 /* VisibleUITests */,
			);
		};
/* End PBXProject section */

/* Begin PBXResourcesBuildPhase section */
		4D0487161F20D2A100E6F280 /* Resources */ = {
			isa = PBXResourcesBuildPhase;
			buildActionMask = 2147483647;
			files = (
				4D04871E1F20D2A100E6F280 /* Assets.xcassets in Resources */,
				4D0487211F20D2A100E6F280 /* MainMenu.xib in Resources */,
			);
			runOnlyForDeploymentPostprocessing = 0;
		};
		4D0487251F20D2A100E6F280 /* Resources */ = {
			isa = PBXResourcesBuildPhase;
			buildActionMask = 2147483647;
			files = (
			);
			runOnlyForDeploymentPostprocessing = 0;
		};
		4D0487301F20D2A100E6F280 /* Resources */ = {
			isa = PBXResourcesBuildPhase;
			buildActionMask = 2147483647;
			files = (
			);
			runOnlyForDeploymentPostprocessing = 0;
		};
/* End PBXResourcesBuildPhase section */

/* Begin PBXSourcesBuildPhase section */
		4D0487141F20D2A100E6F280 /* Sources */ = {
			isa = PBXSourcesBuildPhase;
			buildActionMask = 2147483647;
			files = (
				4D04871C1F20D2A100E6F280 /* AppDelegate.swift in Sources */,
			);
			runOnlyForDeploymentPostprocessing = 0;
		};
		4D0487231F20D2A100E6F280 /* Sources */ = {
			isa = PBXSourcesBuildPhase;
			buildActionMask = 2147483647;
			files = (
				4D04872C1F20D2A100E6F280 /* VisibleTests.swift in Sources */,
			);
			runOnlyForDeploymentPostprocessing = 0;
		};
		4D04872E1F20D2A100E6F280 /* Sources */ = {
			isa = PBXSourcesBuildPhase;
			buildActionMask = 2147483647;
			files = (
				4D0487371F20D2A100E6F280 /* VisibleUITests.swift in Sources */,
			);
			runOnlyForDeploymentPostprocessing = 0;
		};
/* End PBXSourcesBuildPhase section */

/* Begin PBXTargetDependency section */
		4D0487291F20D2A100E6F280 /* PBXTargetDependency */ = {
			isa = PBXTargetDependency;
			target = 4D0487171F20D2A100E6F280 /* Visible */;
			targetProxy = 4D0487281F20D2A100E6F280 /* PBXContainerItemProxy */;
		};
		4D0487341F20D2A100E6F280 /* PBXTargetDependency */ = {
			isa = PBXTargetDependency;
			target = 4D0487171F20D2A100E6F280 /* Visible */;
			targetProxy = 4D0487331F20D2A100E6F280 /* PBXContainerItemProxy */;
		};
/* End PBXTargetDependency section */

/* Begin PBXVariantGroup section */
		4D04871F1F20D2A100E6F280 /* MainMenu.xib */ = {
			isa = PBXVariantGroup;
			children = (
				4D0487201F20D2A100E6F280 /* Base */,
			);
			name = MainMenu.xib;
			sourceTree = "<group>";
		};
/* End PBXVariantGroup section */

/* Begin XCBuildConfiguration section */
		4D0487391F20D2A100E6F280 /* Debug */ = {
			isa = XCBuildConfiguration;
			buildSettings = {
				ALWAYS_SEARCH_USER_PATHS = NO;
				CLANG_ANALYZER_NONNULL = YES;
				CLANG_CXX_LANGUAGE_STANDARD = "gnu++0x";
				CLANG_CXX_LIBRARY = "libc++";
				CLANG_ENABLE_MODULES = YES;
				CLANG_ENABLE_OBJC_ARC = YES;
				CLANG_WARN_BOOL_CONVERSION = YES;
				CLANG_WARN_CONSTANT_CONVERSION = YES;
				CLANG_WARN_DIRECT_OBJC_ISA_USAGE = YES_ERROR;
				CLANG_WARN_DOCUMENTATION_COMMENTS = YES;
				CLANG_WARN_EMPTY_BODY = YES;
				CLANG_WARN_ENUM_CONVERSION = YES;
				CLANG_WARN_INFINITE_RECURSION = YES;
				CLANG_WARN_INT_CONVERSION = YES;
				CLANG_WARN_OBJC_ROOT_CLASS = YES_ERROR;
				CLANG_WARN_SUSPICIOUS_MOVE = YES;
				CLANG_WARN_UNREACHABLE_CODE = YES;
				CLANG_WARN__DUPLICATE_METHOD_MATCH = YES;
				CODE_SIGN_IDENTITY = "-";
				COPY_PHASE_STRIP = NO;
				DEBUG_INFORMATION_FORMAT = dwarf;
				ENABLE_STRICT_OBJC_MSGSEND = YES;
				ENABLE_TESTABILITY = YES;
				GCC_C_LANGUAGE_STANDARD = gnu99;
				GCC_DYNAMIC_NO_PIC = NO;
				GCC_NO_COMMON_BLOCKS = YES;
				GCC_OPTIMIZATION_LEVEL = 0;
				GCC_PREPROCESSOR_DEFINITIONS = (
					"DEBUG=1",
					"$(inherited)",
				);
				GCC_WARN_64_TO_32_BIT_CONVERSION = YES;
				GCC_WARN_ABOUT_RETURN_TYPE = YES_ERROR;
				GCC_WARN_UNDECLARED_SELECTOR = YES;
				GCC_WARN_UNINITIALIZED_AUTOS = YES_AGGRESSIVE;
				GCC_WARN_UNUSED_FUNCTION = YES;
				GCC_WARN_UNUSED_VARIABLE = YES;
				MACOSX_DEPLOYMENT_TARGET = 10.11;
				MTL_ENABLE_DEBUG_INFO = YES;
				ONLY_ACTIVE_ARCH = YES;
				SDKROOT = macosx;
				SWIFT_ACTIVE_COMPILATION_CONDITIONS = DEBUG;
				SWIFT_OPTIMIZATION_LEVEL = "-Onone";
			};
			name = Debug;
		};
		4D04873A1F20D2A100E6F280 /* Release */ = {
			isa = XCBuildConfiguration;
			buildSettings = {
				ALWAYS_SEARCH_USER_PATHS = NO;
				CLANG_ANALYZER_NONNULL = YES;
				CLANG_CXX_LANGUAGE_STANDARD = "gnu++0x";
				CLANG_CXX_LIBRARY = "libc++";
				CLANG_ENABLE_MODULES = YES;
				CLANG_ENABLE_OBJC_ARC = YES;
				CLANG_WARN_BOOL_CONVERSION = YES;
				CLANG_WARN_CONSTANT_CONVERSION = YES;
				CLANG_WARN_DIRECT_OBJC_ISA_USAGE = YES_ERROR;
				CLANG_WARN_DOCUMENTATION_COMMENTS = YES;
				CLANG_WARN_EMPTY_BODY = YES;
				CLANG_WARN_ENUM_CONVERSION = YES;
				CLANG_WARN_INFINITE_RECURSION = YES;
				CLANG_WARN_INT_CONVERSION = YES;
				CLANG_WARN_OBJC_ROOT_CLASS = YES_ERROR;
				CLANG_WARN_SUSPICIOUS_MOVE = YES;
				CLANG_WARN_UNREACHABLE_CODE = YES;
				CLANG_WARN__DUPLICATE_METHOD_MATCH = YES;
				CODE_SIGN_IDENTITY = "-";
				COPY_PHASE_STRIP = NO;
				DEBUG_INFORMATION_FORMAT = "dwarf-with-dsym";
				ENABLE_NS_ASSERTIONS = NO;
				ENABLE_STRICT_OBJC_MSGSEND = YES;
				GCC_C_LANGUAGE_STANDARD = gnu99;
				GCC_NO_COMMON_BLOCKS = YES;
				GCC_WARN_64_TO_32_BIT_CONVERSION = YES;
				GCC_WARN_ABOUT_RETURN_TYPE = YES_ERROR;
				GCC_WARN_UNDECLARED_SELECTOR = YES;
				GCC_WARN_UNINITIALIZED_AUTOS = YES_AGGRESSIVE;
				GCC_WARN_UNUSED_FUNCTION = YES;
				GCC_WARN_UNUSED_VARIABLE = YES;
				MACOSX_DEPLOYMENT_TARGET = 10.11;
				MTL_ENABLE_DEBUG_INFO = NO;
				SDKROOT = macosx;
				SWIFT_OPTIMIZATION_LEVEL = "-Owholemodule";
			};
			name = Release;
		};
		4D04873C1F20D2A100E6F280 /* Debug */ = {
			isa = XCBuildConfiguration;
			buildSettings = {
				ASSETCATALOG_COMPILER_APPICON_NAME = AppIcon;
				COMBINE_HIDPI_IMAGES = YES;
				INFOPLIST_FILE = Visible/Info.plist;
				LD_RUNPATH_SEARCH_PATHS = "$(inherited) @executable_path/../Frameworks";
				PRODUCT_BUNDLE_IDENTIFIER = alphabetthreat.Visible;
				PRODUCT_NAME = "$(TARGET_NAME)";
				SWIFT_VERSION = 3.0;
			};
			name = Debug;
		};
		4D04873D1F20D2A100E6F280 /* Release */ = {
			isa = XCBuildConfiguration;
			buildSettings = {
				ASSETCATALOG_COMPILER_APPICON_NAME = AppIcon;
				COMBINE_HIDPI_IMAGES = YES;
				INFOPLIST_FILE = Visible/Info.plist;
				LD_RUNPATH_SEARCH_PATHS = "$(inherited) @executable_path/../Frameworks";
				PRODUCT_BUNDLE_IDENTIFIER = alphabetthreat.Visible;
				PRODUCT_NAME = "$(TARGET_NAME)";
				SWIFT_VERSION = 3.0;
			};
			name = Release;
		};
		4D04873F1F20D2A100E6F280 /* Debug */ = {
			isa = XCBuildConfiguration;
			buildSettings = {
				ALWAYS_EMBED_SWIFT_STANDARD_LIBRARIES = YES;
				BUNDLE_LOADER = "$(TEST_HOST)";
				COMBINE_HIDPI_IMAGES = YES;
				INFOPLIST_FILE = VisibleTests/Info.plist;
				LD_RUNPATH_SEARCH_PATHS = "$(inherited) @executable_path/../Frameworks @loader_path/../Frameworks";
				PRODUCT_BUNDLE_IDENTIFIER = alphabetthreat.VisibleTests;
				PRODUCT_NAME = "$(TARGET_NAME)";
				SWIFT_VERSION = 3.0;
				TEST_HOST = "$(BUILT_PRODUCTS_DIR)/Visible.app/Contents/MacOS/Visible";
			};
			name = Debug;
		};
		4D0487401F20D2A100E6F280 /* Release */ = {
			isa = XCBuildConfiguration;
			buildSettings = {
				ALWAYS_EMBED_SWIFT_STANDARD_LIBRARIES = YES;
				BUNDLE_LOADER = "$(TEST_HOST)";
				COMBINE_HIDPI_IMAGES = YES;
				INFOPLIST_FILE = VisibleTests/Info.plist;
				LD_RUNPATH_SEARCH_PATHS = "$(inherited) @executable_path/../Frameworks @loader_path/../Frameworks";
				PRODUCT_BUNDLE_IDENTIFIER = alphabetthreat.VisibleTests;
				PRODUCT_NAME = "$(TARGET_NAME)";
				SWIFT_VERSION = 3.0;
				TEST_HOST = "$(BUILT_PRODUCTS_DIR)/Visible.app/Contents/MacOS/Visible";
			};
			name = Release;
		};
		4D0487421F20D2A100E6F280 /* Debug */ = {
			isa = XCBuildConfiguration;
			buildSettings = {
				ALWAYS_EMBED_SWIFT_STANDARD_LIBRARIES = YES;
				COMBINE_HIDPI_IMAGES = YES;
				INFOPLIST_FILE = VisibleUITests/Info.plist;
				LD_RUNPATH_SEARCH_PATHS = "$(inherited) @executable_path/../Frameworks @loader_path/../Frameworks";
				PRODUCT_BUNDLE_IDENTIFIER = alphabetthreat.VisibleUITests;
				PRODUCT_NAME = "$(TARGET_NAME)";
				SWIFT_VERSION = 3.0;
				TEST_TARGET_NAME = Visible;
			};
			name = Debug;
		};
		4D0487431F20D2A100E6F280 /* Release */ = {
			isa = XCBuildConfiguration;
			buildSettings = {
				ALWAYS_EMBED_SWIFT_STANDARD_LIBRARIES = YES;
				COMBINE_HIDPI_IMAGES = YES;
				INFOPLIST_FILE = VisibleUITests/Info.plist;
				LD_RUNPATH_SEARCH_PATHS = "$(inherited) @executable_path/../Frameworks @loader_path/../Frameworks";
				PRODUCT_BUNDLE_IDENTIFIER = alphabetthreat.VisibleUITests;
				PRODUCT_NAME = "$(TARGET_NAME)";
				SWIFT_VERSION = 3.0;
				TEST_TARGET_NAME = Visible;
			};
			name = Release;
		};
/* End XCBuildConfiguration section */

/* Begin XCConfigurationList section */
		4D0487131F20D2A100E6F280 /* Build configuration list for PBXProject "Visible" */ = {
			isa = XCConfigurationList;
			buildConfigurations = (
				4D0487391F20D2A100E6F280 /* Debug */,
				4D04873A1F20D2A100E6F280 /* Release */,
			);
			defaultConfigurationIsVisible = 0;
			defaultConfigurationName = Release;
		};
		4D04873B1F20D2A100E6F280 /* Build configuration list for PBXNativeTarget "Visible" */ = {
			isa = XCConfigurationList;
			buildConfigurations = (
				4D04873C1F20D2A100E6F280 /* Debug */,
				4D04873D1F20D2A100E6F280 /* Release */,
			);
			defaultConfigurationIsVisible = 0;
		};
		4D04873E1F20D2A100E6F280 /* Build configuration list for PBXNativeTarget "VisibleTests" */ = {
			isa = XCConfigurationList;
			buildConfigurations = (
				4D04873F1F20D2A100E6F280 /* Debug */,
				4D0487401F20D2A100E6F280 /* Release */,
			);
			defaultConfigurationIsVisible = 0;
		};
		4D0487411F20D2A100E6F280 /* Build configuration list for PBXNativeTarget "VisibleUITests" */ = {
			isa = XCConfigurationList;
			buildConfigurations = (
				4D0487421F20D2A100E6F280 /* Debug */,
				4D0487431F20D2A100E6F280 /* Release */,
			);
			defaultConfigurationIsVisible = 0;
		};
/* End XCConfigurationList section */
	};
	rootObject = 4D0487101F20D2A100E6F280 /* Project object */;
}
